// !$*UTF8*$!
{
	archiveVersion = 1;
	classes = {
	};
	objectVersion = 50;
	objects = {

/* Begin PBXBuildFile section */
		16FD1F5022C0A41D008F4898 /* AppDelegate.swift in Sources */ = {isa = PBXBuildFile; fileRef = 16FD1F4F22C0A41D008F4898 /* AppDelegate.swift */; };
		16FD1F5222C0A41D008F4898 /* SceneDelegate.swift in Sources */ = {isa = PBXBuildFile; fileRef = 16FD1F5122C0A41D008F4898 /* SceneDelegate.swift */; };
		16FD1F5422C0A41D008F4898 /* ContentView.swift in Sources */ = {isa = PBXBuildFile; fileRef = 16FD1F5322C0A41D008F4898 /* ContentView.swift */; };
		16FD1F5622C0A41E008F4898 /* Assets.xcassets in Resources */ = {isa = PBXBuildFile; fileRef = 16FD1F5522C0A41E008F4898 /* Assets.xcassets */; };
		16FD1F5922C0A41E008F4898 /* Preview Assets.xcassets in Resources */ = {isa = PBXBuildFile; fileRef = 16FD1F5822C0A41E008F4898 /* Preview Assets.xcassets */; };
		16FD1F5C22C0A41E008F4898 /* LaunchScreen.storyboard in Resources */ = {isa = PBXBuildFile; fileRef = 16FD1F5A22C0A41E008F4898 /* LaunchScreen.storyboard */; };
/* End PBXBuildFile section */

/* Begin PBXFileReference section */
		16FD1F4C22C0A41C008F4898 /* test-ui.app */ = {isa = PBXFileReference; explicitFileType = wrapper.application; includeInIndex = 0; path = "test-ui.app"; sourceTree = BUILT_PRODUCTS_DIR; };
		16FD1F4F22C0A41D008F4898 /* AppDelegate.swift */ = {isa = PBXFileReference; lastKnownFileType = sourcecode.swift; path = AppDelegate.swift; sourceTree = "<group>"; };
		16FD1F5122C0A41D008F4898 /* SceneDelegate.swift */ = {isa = PBXFileReference; lastKnownFileType = sourcecode.swift; path = SceneDelegate.swift; sourceTree = "<group>"; };
		16FD1F5322C0A41D008F4898 /* ContentView.swift */ = {isa = PBXFileReference; lastKnownFileType = sourcecode.swift; path = ContentView.swift; sourceTree = "<group>"; };
		16FD1F5522C0A41E008F4898 /* Assets.xcassets */ = {isa = PBXFileReference; lastKnownFileType = folder.assetcatalog; path = Assets.xcassets; sourceTree = "<group>"; };
		16FD1F5822C0A41E008F4898 /* Preview Assets.xcassets */ = {isa = PBXFileReference; lastKnownFileType = folder.assetcatalog; path = "Preview Assets.xcassets"; sourceTree = "<group>"; };
		16FD1F5B22C0A41E008F4898 /* Base */ = {isa = PBXFileReference; lastKnownFileType = file.storyboard; name = Base; path = Base.lproj/LaunchScreen.storyboard; sourceTree = "<group>"; };
		16FD1F5D22C0A41E008F4898 /* Info.plist */ = {isa = PBXFileReference; lastKnownFileType = text.plist.xml; path = Info.plist; sourceTree = "<group>"; };
/* End PBXFileReference section */

/* Begin PBXFrameworksBuildPhase section */
		16FD1F4922C0A41C008F4898 /* Frameworks */ = {
			isa = PBXFrameworksBuildPhase;
			buildActionMask = 2147483647;
			files = (
			);
			runOnlyForDeploymentPostprocessing = 0;
		};
/* End PBXFrameworksBuildPhase section */

/* Begin PBXGroup section */
		16FD1F4322C0A41C008F4898 = {
			isa = PBXGroup;
			children = (
				16FD1F4E22C0A41C008F4898 /* test-ui */,
				16FD1F4D22C0A41C008F4898 /* Products */,
			);
			sourceTree = "<group>";
		};
		16FD1F4D22C0A41C008F4898 /* Products */ = {
			isa = PBXGroup;
			children = (
				16FD1F4C22C0A41C008F4898 /* test-ui.app */,
			);
			name = Products;
			sourceTree = "<group>";
		};
		16FD1F4E22C0A41C008F4898 /* test-ui */ = {
			isa = PBXGroup;
			children = (
				16FD1F4F22C0A41D008F4898 /* AppDelegate.swift */,
				16FD1F5122C0A41D008F4898 /* SceneDelegate.swift */,
				16FD1F5322C0A41D008F4898 /* ContentView.swift */,
				16FD1F5522C0A41E008F4898 /* Assets.xcassets */,
				16FD1F5A22C0A41E008F4898 /* LaunchScreen.storyboard */,
				16FD1F5D22C0A41E008F4898 /* Info.plist */,
				16FD1F5722C0A41E008F4898 /* Preview Content */,
			);
			path = "test-ui";
			sourceTree = "<group>";
		};
		16FD1F5722C0A41E008F4898 /* Preview Content */ = {
			isa = PBXGroup;
			children = (
				16FD1F5822C0A41E008F4898 /* Preview Assets.xcassets */,
			);
			path = "Preview Content";
			sourceTree = "<group>";
		};
/* End PBXGroup section */

/* Begin PBXNativeTarget section */
		16FD1F4B22C0A41C008F4898 /* test-ui */ = {
			isa = PBXNativeTarget;
			buildConfigurationList = 16FD1F6022C0A41E008F4898 /* Build configuration list for PBXNativeTarget "test-ui" */;
			buildPhases = (
				16FD1F4822C0A41C008F4898 /* Sources */,
				16FD1F4922C0A41C008F4898 /* Frameworks */,
				16FD1F4A22C0A41C008F4898 /* Resources */,
			);
			buildRules = (
			);
			dependencies = (
			);
			name = "test-ui";
			productName = "test-ui";
			productReference = 16FD1F4C22C0A41C008F4898 /* test-ui.app */;
			productType = "com.apple.product-type.application";
		};
/* End PBXNativeTarget section */

/* Begin PBXProject section */
		16FD1F4422C0A41C008F4898 /* Project object */ = {
			isa = PBXProject;
			attributes = {
				LastSwiftUpdateCheck = 1100;
				LastUpgradeCheck = 1100;
				ORGANIZATIONNAME = "watanabe yudai";
				TargetAttributes = {
					16FD1F4B22C0A41C008F4898 = {
						CreatedOnToolsVersion = 11.0;
					};
				};
			};
			buildConfigurationList = 16FD1F4722C0A41C008F4898 /* Build configuration list for PBXProject "test-ui" */;
			compatibilityVersion = "Xcode 9.3";
			developmentRegion = en;
			hasScannedForEncodings = 0;
			knownRegions = (
				en,
				Base,
			);
			mainGroup = 16FD1F4322C0A41C008F4898;
			productRefGroup = 16FD1F4D22C0A41C008F4898 /* Products */;
			projectDirPath = "";
			projectRoot = "";
			targets = (
				16FD1F4B22C0A41C008F4898 /* test-ui */,
			);
		};
/* End PBXProject section */

/* Begin PBXResourcesBuildPhase section */
		16FD1F4A22C0A41C008F4898 /* Resources */ = {
			isa = PBXResourcesBuildPhase;
			buildActionMask = 2147483647;
			files = (
				16FD1F5C22C0A41E008F4898 /* LaunchScreen.storyboard in Resources */,
				16FD1F5922C0A41E008F4898 /* Preview Assets.xcassets in Resources */,
				16FD1F5622C0A41E008F4898 /* Assets.xcassets in Resources */,
			);
			runOnlyForDeploymentPostprocessing = 0;
		};
/* End PBXResourcesBuildPhase section */

/* Begin PBXSourcesBuildPhase section */
		16FD1F4822C0A41C008F4898 /* Sources */ = {
			isa = PBXSourcesBuildPhase;
			buildActionMask = 2147483647;
			files = (
				16FD1F5022C0A41D008F4898 /* AppDelegate.swift in Sources */,
				16FD1F5222C0A41D008F4898 /* SceneDelegate.swift in Sources */,
				16FD1F5422C0A41D008F4898 /* ContentView.swift in Sources */,
			);
			runOnlyForDeploymentPostprocessing = 0;
		};
/* End PBXSourcesBuildPhase section */

/* Begin PBXVariantGroup section */
		16FD1F5A22C0A41E008F4898 /* LaunchScreen.storyboard */ = {
			isa = PBXVariantGroup;
			children = (
				16FD1F5B22C0A41E008F4898 /* Base */,
			);
			name = LaunchScreen.storyboard;
			sourceTree = "<group>";
		};
/* End PBXVariantGroup section */

/* Begin XCBuildConfiguration section */
		16FD1F5E22C0A41E008F4898 /* Debug */ = {
			isa = XCBuildConfiguration;
			buildSettings = {
				ALWAYS_SEARCH_USER_PATHS = NO;
				CLANG_ANALYZER_NONNULL = YES;
				CLANG_ANALYZER_NUMBER_OBJECT_CONVERSION = YES_AGGRESSIVE;
				CLANG_CXX_LANGUAGE_STANDARD = "gnu++14";
				CLANG_CXX_LIBRARY = "libc++";
				CLANG_ENABLE_MODULES = YES;
				CLANG_ENABLE_OBJC_ARC = YES;
				CLANG_ENABLE_OBJC_WEAK = YES;
				CLANG_WARN_BLOCK_CAPTURE_AUTORELEASING = YES;
				CLANG_WARN_BOOL_CONVERSION = YES;
				CLANG_WARN_COMMA = YES;
				CLANG_WARN_CONSTANT_CONVERSION = YES;
				CLANG_WARN_DEPRECATED_OBJC_IMPLEMENTATIONS = YES;
				CLANG_WARN_DIRECT_OBJC_ISA_USAGE = YES_ERROR;
				CLANG_WARN_DOCUMENTATION_COMMENTS = YES;
				CLANG_WARN_EMPTY_BODY = YES;
				CLANG_WARN_ENUM_CONVERSION = YES;
				CLANG_WARN_INFINITE_RECURSION = YES;
				CLANG_WARN_INT_CONVERSION = YES;
				CLANG_WARN_NON_LITERAL_NULL_CONVERSION = YES;
				CLANG_WARN_OBJC_IMPLICIT_RETAIN_SELF = YES;
				CLANG_WARN_OBJC_LITERAL_CONVERSION = YES;
				CLANG_WARN_OBJC_ROOT_CLASS = YES_ERROR;
				CLANG_WARN_RANGE_LOOP_ANALYSIS = YES;
				CLANG_WARN_STRICT_PROTOTYPES = YES;
				CLANG_WARN_SUSPICIOUS_MOVE = YES;
				CLANG_WARN_UNGUARDED_AVAILABILITY = YES_AGGRESSIVE;
				CLANG_WARN_UNREACHABLE_CODE = YES;
				CLANG_WARN__DUPLICATE_METHOD_MATCH = YES;
				COPY_PHASE_STRIP = NO;
				DEBUG_INFORMATION_FORMAT = dwarf;
				ENABLE_STRICT_OBJC_MSGSEND = YES;
				ENABLE_TESTABILITY = YES;
				GCC_C_LANGUAGE_STANDARD = gnu11;
				GCC_DYNAMIC_NO_PIC = NO;
				GCC_NO_COMMON_BLOCKS = YES;
				GCC_OPTIMIZATION_LEVEL = 0;
				GCC_PREPROCESSOR_DEFINITIONS = (
					"DEBUG=1",
					"$(inherited)",
				);
				GCC_WARN_64_TO_32_BIT_CONVERSION = YES;
				GCC_WARN_ABOUT_RETURN_TYPE = YES_ERROR;
				GCC_WARN_UNDECLARED_SELECTOR = YES;
				GCC_WARN_UNINITIALIZED_AUTOS = YES_AGGRESSIVE;
				GCC_WARN_UNUSED_FUNCTION = YES;
				GCC_WARN_UNUSED_VARIABLE = YES;
				IPHONEOS_DEPLOYMENT_TARGET = 13.0;
				MTL_ENABLE_DEBUG_INFO = INCLUDE_SOURCE;
				MTL_FAST_MATH = YES;
				ONLY_ACTIVE_ARCH = YES;
				SDKROOT = iphoneos;
				SWIFT_ACTIVE_COMPILATION_CONDITIONS = DEBUG;
				SWIFT_OPTIMIZATION_LEVEL = "-Onone";
			};
			name = Debug;
		};
		16FD1F5F22C0A41E008F4898 /* Release */ = {
			isa = XCBuildConfiguration;
			buildSettings = {
				ALWAYS_SEARCH_USER_PATHS = NO;
				CLANG_ANALYZER_NONNULL = YES;
				CLANG_ANALYZER_NUMBER_OBJECT_CONVERSION = YES_AGGRESSIVE;
				CLANG_CXX_LANGUAGE_STANDARD = "gnu++14";
				CLANG_CXX_LIBRARY = "libc++";
				CLANG_ENABLE_MODULES = YES;
				CLANG_ENABLE_OBJC_ARC = YES;
				CLANG_ENABLE_OBJC_WEAK = YES;
				CLANG_WARN_BLOCK_CAPTURE_AUTORELEASING = YES;
				CLANG_WARN_BOOL_CONVERSION = YES;
				CLANG_WARN_COMMA = YES;
				CLANG_WARN_CONSTANT_CONVERSION = YES;
				CLANG_WARN_DEPRECATED_OBJC_IMPLEMENTATIONS = YES;
				CLANG_WARN_DIRECT_OBJC_ISA_USAGE = YES_ERROR;
				CLANG_WARN_DOCUMENTATION_COMMENTS = YES;
				CLANG_WARN_EMPTY_BODY = YES;
				CLANG_WARN_ENUM_CONVERSION = YES;
				CLANG_WARN_INFINITE_RECURSION = YES;
				CLANG_WARN_INT_CONVERSION = YES;
				CLANG_WARN_NON_LITERAL_NULL_CONVERSION = YES;
				CLANG_WARN_OBJC_IMPLICIT_RETAIN_SELF = YES;
				CLANG_WARN_OBJC_LITERAL_CONVERSION = YES;
				CLANG_WARN_OBJC_ROOT_CLASS = YES_ERROR;
				CLANG_WARN_RANGE_LOOP_ANALYSIS = YES;
				CLANG_WARN_STRICT_PROTOTYPES = YES;
				CLANG_WARN_SUSPICIOUS_MOVE = YES;
				CLANG_WARN_UNGUARDED_AVAILABILITY = YES_AGGRESSIVE;
				CLANG_WARN_UNREACHABLE_CODE = YES;
				CLANG_WARN__DUPLICATE_METHOD_MATCH = YES;
				COPY_PHASE_STRIP = NO;
				DEBUG_INFORMATION_FORMAT = "dwarf-with-dsym";
				ENABLE_NS_ASSERTIONS = NO;
				ENABLE_STRICT_OBJC_MSGSEND = YES;
				GCC_C_LANGUAGE_STANDARD = gnu11;
				GCC_NO_COMMON_BLOCKS = YES;
				GCC_WARN_64_TO_32_BIT_CONVERSION = YES;
				GCC_WARN_ABOUT_RETURN_TYPE = YES_ERROR;
				GCC_WARN_UNDECLARED_SELECTOR = YES;
				GCC_WARN_UNINITIALIZED_AUTOS = YES_AGGRESSIVE;
				GCC_WARN_UNUSED_FUNCTION = YES;
				GCC_WARN_UNUSED_VARIABLE = YES;
				IPHONEOS_DEPLOYMENT_TARGET = 13.0;
				MTL_ENABLE_DEBUG_INFO = NO;
				MTL_FAST_MATH = YES;
				SDKROOT = iphoneos;
				SWIFT_COMPILATION_MODE = wholemodule;
				SWIFT_OPTIMIZATION_LEVEL = "-O";
				VALIDATE_PRODUCT = YES;
			};
			name = Release;
		};
		16FD1F6122C0A41E008F4898 /* Debug */ = {
			isa = XCBuildConfiguration;
			buildSettings = {
				ASSETCATALOG_COMPILER_APPICON_NAME = AppIcon;
				CODE_SIGN_STYLE = Automatic;
				DEVELOPMENT_ASSET_PATHS = "test-ui/Preview\\ Content";
				DEVELOPMENT_TEAM = 5BU9UKAZTX;
				ENABLE_PREVIEWS = YES;
				INFOPLIST_FILE = "test-ui/Info.plist";
				LD_RUNPATH_SEARCH_PATHS = (
					"$(inherited)",
					"@executable_path/Frameworks",
				);
				PRODUCT_BUNDLE_IDENTIFIER = "testinc.test-ui";
				PRODUCT_NAME = "$(TARGET_NAME)";
				SWIFT_VERSION = 5.0;
				TARGETED_DEVICE_FAMILY = "1,2";
			};
			name = Debug;
		};
		16FD1F6222C0A41E008F4898 /* Release */ = {
			isa = XCBuildConfiguration;
			buildSettings = {
				ASSETCATALOG_COMPILER_APPICON_NAME = AppIcon;
				CODE_SIGN_STYLE = Automatic;
				DEVELOPMENT_ASSET_PATHS = "test-ui/Preview\\ Content";
				DEVELOPMENT_TEAM = 5BU9UKAZTX;
				ENABLE_PREVIEWS = YES;
				INFOPLIST_FILE = "test-ui/Info.plist";
				LD_RUNPATH_SEARCH_PATHS = (
					"$(inherited)",
					"@executable_path/Frameworks",
				);
				PRODUCT_BUNDLE_IDENTIFIER = "testinc.test-ui";
				PRODUCT_NAME = "$(TARGET_NAME)";
				SWIFT_VERSION = 5.0;
				TARGETED_DEVICE_FAMILY = "1,2";
			};
			name = Release;
		};
/* End XCBuildConfiguration section */

/* Begin XCConfigurationList section */
		16FD1F4722C0A41C008F4898 /* Build configuration list for PBXProject "test-ui" */ = {
			isa = XCConfigurationList;
			buildConfigurations = (
				16FD1F5E22C0A41E008F4898 /* Debug */,
				16FD1F5F22C0A41E008F4898 /* Release */,
			);
			defaultConfigurationIsVisible = 0;
			defaultConfigurationName = Release;
		};
		16FD1F6022C0A41E008F4898 /* Build configuration list for PBXNativeTarget "test-ui" */ = {
			isa = XCConfigurationList;
			buildConfigurations = (
				16FD1F6122C0A41E008F4898 /* Debug */,
				16FD1F6222C0A41E008F4898 /* Release */,
			);
			defaultConfigurationIsVisible = 0;
			defaultConfigurationName = Release;
		};
/* End XCConfigurationList section */
	};
	rootObject = 16FD1F4422C0A41C008F4898 /* Project object */;
}
